# This file is automatically @generated by Poetry 1.7.1 and should not be changed by hand.

[[package]]
name = "pyexiftool"
version = "0.5.6"
description = "Python wrapper for exiftool"
optional = false
python-versions = ">=3.6"
files = [
    {file = "PyExifTool-0.5.6-py3-none-any.whl", hash = "sha256:ac7d7836d2bf373f20aa558528f6b2222c4c0d896ed28c951a3ff8e6cec05a87"},
    {file = "PyExifTool-0.5.6.tar.gz", hash = "sha256:22a972c1c212d1ad5f61916fded5057333dcc48fb8e42eed12d2ff9665b367ae"},
]

[package.extras]
docs = ["packaging", "sphinx", "sphinx-autoapi", "sphinx-autodoc-typehints", "sphinx-rtd-theme"]
json = ["orjson", "simplejson", "ujson"]
test = ["packaging"]

[[package]]
name = "wand"
version = "0.6.13"
description = "Ctypes-based simple MagickWand API binding for Python"
optional = false
python-versions = "*"
files = [
    {file = "Wand-0.6.13-py2.py3-none-any.whl", hash = "sha256:e5dda0ac2204a40c29ef5c4cb310770c95d3d05c37b1379e69c94ea79d7d19c0"},
    {file = "Wand-0.6.13.tar.gz", hash = "sha256:f5013484eaf7a20eb22d1821aaefe60b50cc329722372b5f8565d46d4aaafcca"},
]

[package.extras]
doc = ["Sphinx (>=5.3.0)"]
test = ["pytest (>=7.2.0)"]

[metadata]
lock-version = "2.0"
python-versions = "^3.9"
content-hash = "20142a8d3e440ecf491e5162fbf74b8d8725b79d530819ec68eab5680ee08833"
