version = 1
revision = 3
requires-python = ">=3.7"
resolution-markers = [
    "python_full_version >= '3.8'",
    "python_full_version < '3.8'",
]

[[package]]
name = "frontier-scans-cleanup"
version = "0.5.0"
source = { editable = "." }
dependencies = [
    { name = "pyexiftool" },
    { name = "readchar", version = "4.0.5", source = { registry = "https://pypi.org/simple" }, marker = "python_full_version < '3.8'" },
    { name = "readchar", version = "4.2.1", source = { registry = "https://pypi.org/simple" }, marker = "python_full_version >= '3.8'" },
    { name = "wand", version = "0.6.13", source = { registry = "https://pypi.org/simple" }, marker = "python_full_version < '3.8'" },
    { name = "wand", version = "0.7.0", source = { registry = "https://pypi.org/simple" }, marker = "python_full_version >= '3.8'" },
]

[package.metadata]
requires-dist = [
    { name = "pyexiftool", specifier = ">=0.5.6" },
    { name = "readchar", specifier = ">=4.0.5" },
    { name = "wand", specifier = ">=0.6.11" },
]

[[package]]
name = "pyexiftool"
version = "0.5.6"
source = { registry = "https://pypi.org/simple" }
sdist = { url = "https://files.pythonhosted.org/packages/5e/48/406da6691d15abf3c8d399bce8bc588709a5b54e857fd7c22dad2f90c33c/PyExifTool-0.5.6.tar.gz", hash = "sha256:22a972c1c212d1ad5f61916fded5057333dcc48fb8e42eed12d2ff9665b367ae", size = 56365, upload-time = "2023-10-22T23:18:18.819Z" }
wheels = [
    { url = "https://files.pythonhosted.org/packages/fc/b9/175e9a1f8f3f94b22f622f0fcac853ae2c43cb4ac6034f849269c6086dac/PyExifTool-0.5.6-py3-none-any.whl", hash = "sha256:ac7d7836d2bf373f20aa558528f6b2222c4c0d896ed28c951a3ff8e6cec05a87", size = 51243, upload-time = "2023-10-22T23:18:16.614Z" },
]

[[package]]
name = "readchar"
version = "4.0.5"
source = { registry = "https://pypi.org/simple" }
resolution-markers = [
    "python_full_version < '3.8'",
]
dependencies = [
    { name = "setuptools", marker = "python_full_version < '3.8'" },
]
sdist = { url = "https://files.pythonhosted.org/packages/a1/57/439aaa28659e66265518232bf4291ae5568aa01cd9e0e0f6f8fe3b300e9e/readchar-4.0.5.tar.gz", hash = "sha256:08a456c2d7c1888cde3f4688b542621b676eb38cd6cfed7eb6cb2e2905ddc826", size = 9082, upload-time = "2023-03-17T08:19:29.049Z" }
wheels = [
    { url = "https://files.pythonhosted.org/packages/cd/14/730280df294e52e395a70111f4d9b07be94f5ba7a69db7eba3c324f113b2/readchar-4.0.5-py3-none-any.whl", hash = "sha256:76ec784a5dd2afac3b7da8003329834cdd9824294c260027f8c8d2e4d0a78f43", size = 8513, upload-time = "2023-03-17T08:19:27.879Z" },
]

[[package]]
name = "readchar"
version = "4.2.1"
source = { registry = "https://pypi.org/simple" }
resolution-markers = [
    "python_full_version >= '3.8'",
]
sdist = { url = "https://files.pythonhosted.org/packages/dd/f8/8657b8cbb4ebeabfbdf991ac40eca8a1d1bd012011bd44ad1ed10f5cb494/readchar-4.2.1.tar.gz", hash = "sha256:91ce3faf07688de14d800592951e5575e9c7a3213738ed01d394dcc949b79adb", size = 9685, upload-time = "2024-11-04T18:28:07.757Z" }
wheels = [
    { url = "https://files.pythonhosted.org/packages/a9/10/e4b1e0e5b6b6745c8098c275b69bc9d73e9542d5c7da4f137542b499ed44/readchar-4.2.1-py3-none-any.whl", hash = "sha256:a769305cd3994bb5fa2764aa4073452dc105a4ec39068ffe6efd3c20c60acc77", size = 9350, upload-time = "2024-11-04T18:28:02.859Z" },
]

[[package]]
name = "setuptools"
version = "68.0.0"
source = { registry = "https://pypi.org/simple" }
sdist = { url = "https://files.pythonhosted.org/packages/dc/98/5f896af066c128669229ff1aa81553ac14cfb3e5e74b6b44594132b8540e/setuptools-68.0.0.tar.gz", hash = "sha256:baf1fdb41c6da4cd2eae722e135500da913332ab3f2f5c7d33af9b492acb5235", size = 2194111, upload-time = "2023-06-19T15:53:05.082Z" }
wheels = [
    { url = "https://files.pythonhosted.org/packages/c7/42/be1c7bbdd83e1bfb160c94b9cafd8e25efc7400346cf7ccdbdb452c467fa/setuptools-68.0.0-py3-none-any.whl", hash = "sha256:11e52c67415a381d10d6b462ced9cfb97066179f0e871399e006c4ab101fc85f", size = 804037, upload-time = "2023-06-19T15:53:03.089Z" },
]

[[package]]
name = "wand"
version = "0.6.13"
source = { registry = "https://pypi.org/simple" }
resolution-markers = [
    "python_full_version < '3.8'",
]
sdist = { url = "https://files.pythonhosted.org/packages/41/0b/005ab483df0bf48d65fe26cc1036ce222521ece3a84e55b501a4f966746c/Wand-0.6.13.tar.gz", hash = "sha256:f5013484eaf7a20eb22d1821aaefe60b50cc329722372b5f8565d46d4aaafcca", size = 11883700, upload-time = "2023-11-03T23:18:41.79Z" }
wheels = [
    { url = "https://files.pythonhosted.org/packages/59/d5/1bdd7c9662d5e9078e25ba0eb69bdb122859295746d40ab8dfef3a7b4d42/Wand-0.6.13-py2.py3-none-any.whl", hash = "sha256:e5dda0ac2204a40c29ef5c4cb310770c95d3d05c37b1379e69c94ea79d7d19c0", size = 143789, upload-time = "2023-11-03T23:18:50.474Z" },
]

[[package]]
name = "wand"
version = "0.7.0"
source = { registry = "https://pypi.org/simple" }
resolution-markers = [
    "python_full_version >= '3.8'",
]
sdist = { url = "https://files.pythonhosted.org/packages/c5/f6/feb40fadb7f3a6c5d45c02840c329725f6ec907eb3581c5de27445700e8a/wand-0.7.0.tar.gz", hash = "sha256:e48f983cc248c23f752e5ba8a6aa1b09370c87d81425d2cc7474f4536c0740f9", size = 11888946, upload-time = "2026-02-23T14:50:34.79Z" }
wheels = [
    { url = "https://files.pythonhosted.org/packages/29/6c/51fe13d260d9e910d8f010494cc513420ab79852662fefdebdecfeaeebd5/wand-0.7.0-py3-none-any.whl", hash = "sha256:197a5011891a68fc14558cac58db5f5aafb66ef1dd28bfb4a2c62c156c41712e", size = 144773, upload-time = "2026-02-23T14:50:46.162Z" },
]
